
Microsoft Visual Studio Solution File, Format Version 12.00
# Visual Studio Version 17
VisualStudioVersion = 17.7.34024.191
MinimumVisualStudioVersion = 10.0.40219.1
Project("{9A19103F-16F7-4668-BE54-9A1E7A4F7556}") = "GGuid", "GGuid\GGuid.csproj", "{9D28A67D-FC32-42AB-B2E5-C9C95AA9E84E}"
EndProject
Global
	GlobalSection(SolutionConfigurationPlatforms) = preSolution
		Debug|Any CPU = Debug|Any CPU
		Release|Any CPU = Release|Any CPU
	EndGlobalSection
	GlobalSection(ProjectConfigurationPlatforms) = postSolution
		{9D28A67D-FC32-42AB-B2E5-C9C95AA9E84E}.Debug|Any CPU.ActiveCfg = Debug|Any CPU
		{9D28A67D-FC32-42AB-B2E5-C9C95AA9E84E}.Debug|Any CPU.Build.0 = Debug|Any CPU
		{9D28A67D-FC32-42AB-B2E5-C9C95AA9E84E}.Release|Any CPU.ActiveCfg = Release|Any CPU
		{9D28A67D-FC32-42AB-B2E5-C9C95AA9E84E}.Release|Any CPU.Build.0 = Release|Any CPU
	EndGlobalSection
	GlobalSection(SolutionProperties) = preSolution
		HideSolutionNode = FALSE
	EndGlobalSection
	GlobalSection(ExtensibilityGlobals) = postSolution
		SolutionGuid = {F9FD5903-4398-41AF-96E5-1AFF0ABA734C}
	EndGlobalSection
EndGlobal
